
Microsoft Visual Studio Solution File, Format Version 12.00
# Visual Studio Version 17
VisualStudioVersion = 17.10.35027.167
MinimumVisualStudioVersion = 10.0.40219.1
Project("{FAE04EC0-301F-11D3-BF4B-00C04F79EFBC}") = "Final Project", "Final Project\Final Project.csproj", "{1A407B0B-1F94-49DD-8ADC-324F60C5EE23}"
EndProject
Global
	GlobalSection(SolutionConfigurationPlatforms) = preSolution
		Debug|Any CPU = Debug|Any CPU
		Release|Any CPU = Release|Any CPU
	EndGlobalSection
	GlobalSection(ProjectConfigurationPlatforms) = postSolution
		{1A407B0B-1F94-49DD-8ADC-324F60C5EE23}.Debug|Any CPU.ActiveCfg = Debug|Any CPU
		{1A407B0B-1F94-49DD-8ADC-324F60C5EE23}.Debug|Any CPU.Build.0 = Debug|Any CPU
		{1A407B0B-1F94-49DD-8ADC-324F60C5EE23}.Release|Any CPU.ActiveCfg = Release|Any CPU
		{1A407B0B-1F94-49DD-8ADC-324F60C5EE23}.Release|Any CPU.Build.0 = Release|Any CPU
	EndGlobalSection
	GlobalSection(SolutionProperties) = preSolution
		HideSolutionNode = FALSE
	EndGlobalSection
	GlobalSection(ExtensibilityGlobals) = postSolution
		SolutionGuid = {9B63EB5C-30A0-4F93-8EB3-2D4154AF093E}
	EndGlobalSection
EndGlobal
